// !$*UTF8*$!
{
	archiveVersion = 1;
	classes = {
	};
	objectVersion = 46;
	objects = {

/* Begin PBXBuildFile section */
		622498A61DB91AEA00B6D459 /* AboutViewController.swift in Sources */ = {isa = PBXBuildFile; fileRef = 622498A51DB91AEA00B6D459 /* AboutViewController.swift */; };
		622498A81DB96B2E00B6D459 /* n.png in Resources */ = {isa = PBXBuildFile; fileRef = 622498A71DB96B2E00B6D459 /* n.png */; };
		622498AE1DB9AE3000B6D459 /* background-moon-dark.png in Resources */ = {isa = PBXBuildFile; fileRef = 622498AD1DB9AE3000B6D459 /* background-moon-dark.png */; };
		622498B01DB9AE5E00B6D459 /* PM2-icon.jpg in Resources */ = {isa = PBXBuildFile; fileRef = 622498AF1DB9AE5E00B6D459 /* PM2-icon.jpg */; };
		622498B51DBFEDDB00B6D459 /* WebService.swift in Sources */ = {isa = PBXBuildFile; fileRef = 622498B41DBFEDDB00B6D459 /* WebService.swift */; };
		62734BA31DCEBBD200634F2D /* half-moon-dark.png in Resources */ = {isa = PBXBuildFile; fileRef = 62734BA21DCEBBD200634F2D /* half-moon-dark.png */; };
		62A1A0221DD10F070040F3B2 /* UIView+Extension.swift in Sources */ = {isa = PBXBuildFile; fileRef = 62A1A0211DD10F070040F3B2 /* UIView+Extension.swift */; };
		62CDC1E91DCBC92200A9E905 /* DrawButton.swift in Sources */ = {isa = PBXBuildFile; fileRef = 62CDC1E81DCBC92200A9E905 /* DrawButton.swift */; };
		62D8A9BE1DD2D7840010AD04 /* AM.png in Resources */ = {isa = PBXBuildFile; fileRef = 62D8A9BD1DD2D7840010AD04 /* AM.png */; };
		62D8A9C01DD62D7E0010AD04 /* half-moon.png in Resources */ = {isa = PBXBuildFile; fileRef = 62D8A9BF1DD62D7E0010AD04 /* half-moon.png */; };
		62D8A9C21DD62D880010AD04 /* full-moon_small.png in Resources */ = {isa = PBXBuildFile; fileRef = 62D8A9C11DD62D880010AD04 /* full-moon_small.png */; };
		62F06D091DA2B82D00353999 /* AppDelegate.swift in Sources */ = {isa = PBXBuildFile; fileRef = 62F06D081DA2B82D00353999 /* AppDelegate.swift */; };
		62F06D0B1DA2B82D00353999 /* ViewController.swift in Sources */ = {isa = PBXBuildFile; fileRef = 62F06D0A1DA2B82D00353999 /* ViewController.swift */; };
		62F06D0E1DA2B82D00353999 /* Main.storyboard in Resources */ = {isa = PBXBuildFile; fileRef = 62F06D0C1DA2B82D00353999 /* Main.storyboard */; };
		62F06D101DA2B82D00353999 /* Assets.xcassets in Resources */ = {isa = PBXBuildFile; fileRef = 62F06D0F1DA2B82D00353999 /* Assets.xcassets */; };
		62F06D131DA2B82D00353999 /* LaunchScreen.storyboard in Resources */ = {isa = PBXBuildFile; fileRef = 62F06D111DA2B82D00353999 /* LaunchScreen.storyboard */; };
		62F06D1E1DA2B82D00353999 /* APOD_swift2_3Tests.swift in Sources */ = {isa = PBXBuildFile; fileRef = 62F06D1D1DA2B82D00353999 /* APOD_swift2_3Tests.swift */; };
		62F06D291DA2B82D00353999 /* APOD_swift2_3UITests.swift in Sources */ = {isa = PBXBuildFile; fileRef = 62F06D281DA2B82D00353999 /* APOD_swift2_3UITests.swift */; };
		62F06D371DA2BBDA00353999 /* LineView.swift in Sources */ = {isa = PBXBuildFile; fileRef = 62F06D361DA2BBDA00353999 /* LineView.swift */; };
		62F06D391DA2BD3700353999 /* PathExtention.swift in Sources */ = {isa = PBXBuildFile; fileRef = 62F06D381DA2BD3700353999 /* PathExtention.swift */; };
		62F06D3B1DA2DDB500353999 /* MathVizPath.swift in Sources */ = {isa = PBXBuildFile; fileRef = 62F06D3A1DA2DDB500353999 /* MathVizPath.swift */; };
		62F06D3D1DA3559000353999 /* ApodViewController.swift in Sources */ = {isa = PBXBuildFile; fileRef = 62F06D3C1DA3559000353999 /* ApodViewController.swift */; };
		62F06D581DA46A3F00353999 /* AppExtentionProtocol.swift in Sources */ = {isa = PBXBuildFile; fileRef = 62F06D571DA46A3F00353999 /* AppExtentionProtocol.swift */; };
/* End PBXBuildFile section */

/* Begin PBXContainerItemProxy section */
		62F06D1A1DA2B82D00353999 /* PBXContainerItemProxy */ = {
			isa = PBXContainerItemProxy;
			containerPortal = 62F06CFD1DA2B82D00353999 /* Project object */;
			proxyType = 1;
			remoteGlobalIDString = 62F06D041DA2B82D00353999;
			remoteInfo = APOD.swift2.3;
		};
		62F06D251DA2B82D00353999 /* PBXContainerItemProxy */ = {
			isa = PBXContainerItemProxy;
			containerPortal = 62F06CFD1DA2B82D00353999 /* Project object */;
			proxyType = 1;
			remoteGlobalIDString = 62F06D041DA2B82D00353999;
			remoteInfo = APOD.swift2.3;
		};
/* End PBXContainerItemProxy section */

/* Begin PBXCopyFilesBuildPhase section */
		62F06D561DA45FF100353999 /* Embed App Extensions */ = {
			isa = PBXCopyFilesBuildPhase;
			buildActionMask = 2147483647;
			dstPath = "";
			dstSubfolderSpec = 13;
			files = (
			);
			name = "Embed App Extensions";
			runOnlyForDeploymentPostprocessing = 0;
		};
/* End PBXCopyFilesBuildPhase section */

/* Begin PBXFileReference section */
		622498A51DB91AEA00B6D459 /* AboutViewController.swift */ = {isa = PBXFileReference; fileEncoding = 4; lastKnownFileType = sourcecode.swift; path = AboutViewController.swift; sourceTree = "<group>"; };
		622498A71DB96B2E00B6D459 /* n.png */ = {isa = PBXFileReference; lastKnownFileType = image.png; path = n.png; sourceTree = "<group>"; };
		622498AD1DB9AE3000B6D459 /* background-moon-dark.png */ = {isa = PBXFileReference; lastKnownFileType = image.png; path = "background-moon-dark.png"; sourceTree = "<group>"; };
		622498AF1DB9AE5E00B6D459 /* PM2-icon.jpg */ = {isa = PBXFileReference; lastKnownFileType = image.jpeg; path = "PM2-icon.jpg"; sourceTree = "<group>"; };
		622498B41DBFEDDB00B6D459 /* WebService.swift */ = {isa = PBXFileReference; fileEncoding = 4; lastKnownFileType = sourcecode.swift; path = WebService.swift; sourceTree = "<group>"; };
		62734BA21DCEBBD200634F2D /* half-moon-dark.png */ = {isa = PBXFileReference; lastKnownFileType = image.png; path = "half-moon-dark.png"; sourceTree = "<group>"; };
		62A1A0211DD10F070040F3B2 /* UIView+Extension.swift */ = {isa = PBXFileReference; fileEncoding = 4; lastKnownFileType = sourcecode.swift; path = "UIView+Extension.swift"; sourceTree = "<group>"; };
		62CDC1E81DCBC92200A9E905 /* DrawButton.swift */ = {isa = PBXFileReference; fileEncoding = 4; lastKnownFileType = sourcecode.swift; path = DrawButton.swift; sourceTree = "<group>"; };
		62D8A9BD1DD2D7840010AD04 /* AM.png */ = {isa = PBXFileReference; lastKnownFileType = image.png; path = AM.png; sourceTree = "<group>"; };
		62D8A9BF1DD62D7E0010AD04 /* half-moon.png */ = {isa = PBXFileReference; lastKnownFileType = image.png; path = "half-moon.png"; sourceTree = "<group>"; };
		62D8A9C11DD62D880010AD04 /* full-moon_small.png */ = {isa = PBXFileReference; lastKnownFileType = image.png; path = "full-moon_small.png"; sourceTree = "<group>"; };
		62F06D051DA2B82D00353999 /* APOD.swift2.3.app */ = {isa = PBXFileReference; explicitFileType = wrapper.application; includeInIndex = 0; path = APOD.swift2.3.app; sourceTree = BUILT_PRODUCTS_DIR; };
		62F06D081DA2B82D00353999 /* AppDelegate.swift */ = {isa = PBXFileReference; lastKnownFileType = sourcecode.swift; path = AppDelegate.swift; sourceTree = "<group>"; };
		62F06D0A1DA2B82D00353999 /* ViewController.swift */ = {isa = PBXFileReference; lastKnownFileType = sourcecode.swift; path = ViewController.swift; sourceTree = "<group>"; };
		62F06D0D1DA2B82D00353999 /* Base */ = {isa = PBXFileReference; lastKnownFileType = file.storyboard; name = Base; path = Base.lproj/Main.storyboard; sourceTree = "<group>"; };
		62F06D0F1DA2B82D00353999 /* Assets.xcassets */ = {isa = PBXFileReference; lastKnownFileType = folder.assetcatalog; path = Assets.xcassets; sourceTree = "<group>"; };
		62F06D121DA2B82D00353999 /* Base */ = {isa = PBXFileReference; lastKnownFileType = file.storyboard; name = Base; path = Base.lproj/LaunchScreen.storyboard; sourceTree = "<group>"; };
		62F06D141DA2B82D00353999 /* Info.plist */ = {isa = PBXFileReference; lastKnownFileType = text.plist.xml; path = Info.plist; sourceTree = "<group>"; };
		62F06D191DA2B82D00353999 /* APOD.swift2.3Tests.xctest */ = {isa = PBXFileReference; explicitFileType = wrapper.cfbundle; includeInIndex = 0; path = APOD.swift2.3Tests.xctest; sourceTree = BUILT_PRODUCTS_DIR; };
		62F06D1D1DA2B82D00353999 /* APOD_swift2_3Tests.swift */ = {isa = PBXFileReference; lastKnownFileType = sourcecode.swift; path = APOD_swift2_3Tests.swift; sourceTree = "<group>"; };
		62F06D1F1DA2B82D00353999 /* Info.plist */ = {isa = PBXFileReference; lastKnownFileType = text.plist.xml; path = Info.plist; sourceTree = "<group>"; };
		62F06D241DA2B82D00353999 /* APOD.swift2.3UITests.xctest */ = {isa = PBXFileReference; explicitFileType = wrapper.cfbundle; includeInIndex = 0; path = APOD.swift2.3UITests.xctest; sourceTree = BUILT_PRODUCTS_DIR; };
		62F06D281DA2B82D00353999 /* APOD_swift2_3UITests.swift */ = {isa = PBXFileReference; lastKnownFileType = sourcecode.swift; path = APOD_swift2_3UITests.swift; sourceTree = "<group>"; };
		62F06D2A1DA2B82D00353999 /* Info.plist */ = {isa = PBXFileReference; lastKnownFileType = text.plist.xml; path = Info.plist; sourceTree = "<group>"; };
		62F06D361DA2BBDA00353999 /* LineView.swift */ = {isa = PBXFileReference; fileEncoding = 4; lastKnownFileType = sourcecode.swift; name = LineView.swift; path = ../LineView.swift; sourceTree = "<group>"; };
		62F06D381DA2BD3700353999 /* PathExtention.swift */ = {isa = PBXFileReference; fileEncoding = 4; lastKnownFileType = sourcecode.swift; path = PathExtention.swift; sourceTree = "<group>"; };
		62F06D3A1DA2DDB500353999 /* MathVizPath.swift */ = {isa = PBXFileReference; fileEncoding = 4; lastKnownFileType = sourcecode.swift; path = MathVizPath.swift; sourceTree = "<group>"; };
		62F06D3C1DA3559000353999 /* ApodViewController.swift */ = {isa = PBXFileReference; fileEncoding = 4; lastKnownFileType = sourcecode.swift; path = ApodViewController.swift; sourceTree = "<group>"; };
		62F06D571DA46A3F00353999 /* AppExtentionProtocol.swift */ = {isa = PBXFileReference; fileEncoding = 4; lastKnownFileType = sourcecode.swift; path = AppExtentionProtocol.swift; sourceTree = "<group>"; };
/* End PBXFileReference section */

/* Begin PBXFrameworksBuildPhase section */
		62F06D021DA2B82D00353999 /* Frameworks */ = {
			isa = PBXFrameworksBuildPhase;
			buildActionMask = 2147483647;
			files = (
			);
			runOnlyForDeploymentPostprocessing = 0;
		};
		62F06D161DA2B82D00353999 /* Frameworks */ = {
			isa = PBXFrameworksBuildPhase;
			buildActionMask = 2147483647;
			files = (
			);
			runOnlyForDeploymentPostprocessing = 0;
		};
		62F06D211DA2B82D00353999 /* Frameworks */ = {
			isa = PBXFrameworksBuildPhase;
			buildActionMask = 2147483647;
			files = (
			);
			runOnlyForDeploymentPostprocessing = 0;
		};
/* End PBXFrameworksBuildPhase section */

/* Begin PBXGroup section */
		622498B31DB9EE1000B6D459 /* images */ = {
			isa = PBXGroup;
			children = (
				62F06D0F1DA2B82D00353999 /* Assets.xcassets */,
				622498AD1DB9AE3000B6D459 /* background-moon-dark.png */,
				622498A71DB96B2E00B6D459 /* n.png */,
				622498AF1DB9AE5E00B6D459 /* PM2-icon.jpg */,
				62D8A9BD1DD2D7840010AD04 /* AM.png */,
				62734BA21DCEBBD200634F2D /* half-moon-dark.png */,
				62D8A9BF1DD62D7E0010AD04 /* half-moon.png */,
				62D8A9C11DD62D880010AD04 /* full-moon_small.png */,
			);
			name = images;
			path = APOD.swift2.3;
			sourceTree = "<group>";
		};
		62F06CFC1DA2B82D00353999 = {
			isa = PBXGroup;
			children = (
				62F06D071DA2B82D00353999 /* APOD.swift2.3 */,
				622498B31DB9EE1000B6D459 /* images */,
				62F06D1C1DA2B82D00353999 /* APOD.swift2.3Tests */,
				62F06D271DA2B82D00353999 /* APOD.swift2.3UITests */,
				62F06D061DA2B82D00353999 /* Products */,
			);
			sourceTree = "<group>";
		};
		62F06D061DA2B82D00353999 /* Products */ = {
			isa = PBXGroup;
			children = (
				62F06D051DA2B82D00353999 /* APOD.swift2.3.app */,
				62F06D191DA2B82D00353999 /* APOD.swift2.3Tests.xctest */,
				62F06D241DA2B82D00353999 /* APOD.swift2.3UITests.xctest */,
			);
			name = Products;
			sourceTree = "<group>";
		};
		62F06D071DA2B82D00353999 /* APOD.swift2.3 */ = {
			isa = PBXGroup;
			children = (
				62F06D411DA3836800353999 /* MathDrawing */,
				62F06D401DA3832C00353999 /* APOD */,
				62F06D111DA2B82D00353999 /* LaunchScreen.storyboard */,
				62F06D0C1DA2B82D00353999 /* Main.storyboard */,
				62F06D081DA2B82D00353999 /* AppDelegate.swift */,
				62F06D141DA2B82D00353999 /* Info.plist */,
			);
			path = APOD.swift2.3;
			sourceTree = "<group>";
		};
		62F06D1C1DA2B82D00353999 /* APOD.swift2.3Tests */ = {
			isa = PBXGroup;
			children = (
				62F06D1D1DA2B82D00353999 /* APOD_swift2_3Tests.swift */,
				62F06D1F1DA2B82D00353999 /* Info.plist */,
			);
			path = APOD.swift2.3Tests;
			sourceTree = "<group>";
		};
		62F06D271DA2B82D00353999 /* APOD.swift2.3UITests */ = {
			isa = PBXGroup;
			children = (
				62F06D281DA2B82D00353999 /* APOD_swift2_3UITests.swift */,
				62F06D2A1DA2B82D00353999 /* Info.plist */,
			);
			path = APOD.swift2.3UITests;
			sourceTree = "<group>";
		};
		62F06D401DA3832C00353999 /* APOD */ = {
			isa = PBXGroup;
			children = (
				622498B41DBFEDDB00B6D459 /* WebService.swift */,
				62F06D571DA46A3F00353999 /* AppExtentionProtocol.swift */,
				62A1A0211DD10F070040F3B2 /* UIView+Extension.swift */,
				62F06D3C1DA3559000353999 /* ApodViewController.swift */,
				622498A51DB91AEA00B6D459 /* AboutViewController.swift */,
			);
			name = APOD;
			sourceTree = "<group>";
		};
		62F06D411DA3836800353999 /* MathDrawing */ = {
			isa = PBXGroup;
			children = (
				62F06D381DA2BD3700353999 /* PathExtention.swift */,
				62F06D361DA2BBDA00353999 /* LineView.swift */,
				62CDC1E81DCBC92200A9E905 /* DrawButton.swift */,
				62F06D3A1DA2DDB500353999 /* MathVizPath.swift */,
				62F06D0A1DA2B82D00353999 /* ViewController.swift */,
			);
			name = MathDrawing;
			sourceTree = "<group>";
		};
/* End PBXGroup section */

/* Begin PBXNativeTarget section */
		62F06D041DA2B82D00353999 /* APOD.swift2.3 */ = {
			isa = PBXNativeTarget;
			buildConfigurationList = 62F06D2D1DA2B82D00353999 /* Build configuration list for PBXNativeTarget "APOD.swift2.3" */;
			buildPhases = (
				62F06D011DA2B82D00353999 /* Sources */,
				62F06D021DA2B82D00353999 /* Frameworks */,
				62F06D031DA2B82D00353999 /* Resources */,
				62F06D561DA45FF100353999 /* Embed App Extensions */,
			);
			buildRules = (
			);
			dependencies = (
			);
			name = APOD.swift2.3;
			productName = APOD.swift2.3;
			productReference = 62F06D051DA2B82D00353999 /* APOD.swift2.3.app */;
			productType = "com.apple.product-type.application";
		};
		62F06D181DA2B82D00353999 /* APOD.swift2.3Tests */ = {
			isa = PBXNativeTarget;
			buildConfigurationList = 62F06D301DA2B82D00353999 /* Build configuration list for PBXNativeTarget "APOD.swift2.3Tests" */;
			buildPhases = (
				62F06D151DA2B82D00353999 /* Sources */,
				62F06D161DA2B82D00353999 /* Frameworks */,
				62F06D171DA2B82D00353999 /* Resources */,
			);
			buildRules = (
			);
			dependencies = (
				62F06D1B1DA2B82D00353999 /* PBXTargetDependency */,
			);
			name = APOD.swift2.3Tests;
			productName = APOD.swift2.3Tests;
			productReference = 62F06D191DA2B82D00353999 /* APOD.swift2.3Tests.xctest */;
			productType = "com.apple.product-type.bundle.unit-test";
		};
		62F06D231DA2B82D00353999 /* APOD.swift2.3UITests */ = {
			isa = PBXNativeTarget;
			buildConfigurationList = 62F06D331DA2B82D00353999 /* Build configuration list for PBXNativeTarget "APOD.swift2.3UITests" */;
			buildPhases = (
				62F06D201DA2B82D00353999 /* Sources */,
				62F06D211DA2B82D00353999 /* Frameworks */,
				62F06D221DA2B82D00353999 /* Resources */,
			);
			buildRules = (
			);
			dependencies = (
				62F06D261DA2B82D00353999 /* PBXTargetDependency */,
			);
			name = APOD.swift2.3UITests;
			productName = APOD.swift2.3UITests;
			productReference = 62F06D241DA2B82D00353999 /* APOD.swift2.3UITests.xctest */;
			productType = "com.apple.product-type.bundle.ui-testing";
		};
/* End PBXNativeTarget section */

/* Begin PBXProject section */
		62F06CFD1DA2B82D00353999 /* Project object */ = {
			isa = PBXProject;
			attributes = {
				LastSwiftUpdateCheck = 0730;
				LastUpgradeCheck = 0800;
				ORGANIZATIONNAME = Guang;
				TargetAttributes = {
					62F06D041DA2B82D00353999 = {
						CreatedOnToolsVersion = 7.3.1;
						DevelopmentTeam = 57675254DH;
					};
					62F06D181DA2B82D00353999 = {
						CreatedOnToolsVersion = 7.3.1;
						TestTargetID = 62F06D041DA2B82D00353999;
					};
					62F06D231DA2B82D00353999 = {
						CreatedOnToolsVersion = 7.3.1;
						TestTargetID = 62F06D041DA2B82D00353999;
					};
				};
			};
			buildConfigurationList = 62F06D001DA2B82D00353999 /* Build configuration list for PBXProject "APOD.swift2.3" */;
			compatibilityVersion = "Xcode 3.2";
			developmentRegion = English;
			hasScannedForEncodings = 0;
			knownRegions = (
				en,
				Base,
			);
			mainGroup = 62F06CFC1DA2B82D00353999;
			productRefGroup = 62F06D061DA2B82D00353999 /* Products */;
			projectDirPath = "";
			projectRoot = "";
			targets = (
				62F06D041DA2B82D00353999 /* APOD.swift2.3 */,
				62F06D181DA2B82D00353999 /* APOD.swift2.3Tests */,
				62F06D231DA2B82D00353999 /* APOD.swift2.3UITests */,
			);
		};
/* End PBXProject section */

/* Begin PBXResourcesBuildPhase section */
		62F06D031DA2B82D00353999 /* Resources */ = {
			isa = PBXResourcesBuildPhase;
			buildActionMask = 2147483647;
			files = (
				622498AE1DB9AE3000B6D459 /* background-moon-dark.png in Resources */,
				62734BA31DCEBBD200634F2D /* half-moon-dark.png in Resources */,
				622498B01DB9AE5E00B6D459 /* PM2-icon.jpg in Resources */,
				62F06D131DA2B82D00353999 /* LaunchScreen.storyboard in Resources */,
				62D8A9BE1DD2D7840010AD04 /* AM.png in Resources */,
				62F06D101DA2B82D00353999 /* Assets.xcassets in Resources */,
				622498A81DB96B2E00B6D459 /* n.png in Resources */,
				62D8A9C21DD62D880010AD04 /* full-moon_small.png in Resources */,
				62F06D0E1DA2B82D00353999 /* Main.storyboard in Resources */,
				62D8A9C01DD62D7E0010AD04 /* half-moon.png in Resources */,
			);
			runOnlyForDeploymentPostprocessing = 0;
		};
		62F06D171DA2B82D00353999 /* Resources */ = {
			isa = PBXResourcesBuildPhase;
			buildActionMask = 2147483647;
			files = (
			);
			runOnlyForDeploymentPostprocessing = 0;
		};
		62F06D221DA2B82D00353999 /* Resources */ = {
			isa = PBXResourcesBuildPhase;
			buildActionMask = 2147483647;
			files = (
			);
			runOnlyForDeploymentPostprocessing = 0;
		};
/* End PBXResourcesBuildPhase section */

/* Begin PBXSourcesBuildPhase section */
		62F06D011DA2B82D00353999 /* Sources */ = {
			isa = PBXSourcesBuildPhase;
			buildActionMask = 2147483647;
			files = (
				62F06D0B1DA2B82D00353999 /* ViewController.swift in Sources */,
				62F06D391DA2BD3700353999 /* PathExtention.swift in Sources */,
				62F06D3D1DA3559000353999 /* ApodViewController.swift in Sources */,
				622498A61DB91AEA00B6D459 /* AboutViewController.swift in Sources */,
				62F06D091DA2B82D00353999 /* AppDelegate.swift in Sources */,
				62F06D371DA2BBDA00353999 /* LineView.swift in Sources */,
				62A1A0221DD10F070040F3B2 /* UIView+Extension.swift in Sources */,
				62F06D581DA46A3F00353999 /* AppExtentionProtocol.swift in Sources */,
				62CDC1E91DCBC92200A9E905 /* DrawButton.swift in Sources */,
				622498B51DBFEDDB00B6D459 /* WebService.swift in Sources */,
				62F06D3B1DA2DDB500353999 /* MathVizPath.swift in Sources */,
			);
			runOnlyForDeploymentPostprocessing = 0;
		};
		62F06D151DA2B82D00353999 /* Sources */ = {
			isa = PBXSourcesBuildPhase;
			buildActionMask = 2147483647;
			files = (
				62F06D1E1DA2B82D00353999 /* APOD_swift2_3Tests.swift in Sources */,
			);
			runOnlyForDeploymentPostprocessing = 0;
		};
		62F06D201DA2B82D00353999 /* Sources */ = {
			isa = PBXSourcesBuildPhase;
			buildActionMask = 2147483647;
			files = (
				62F06D291DA2B82D00353999 /* APOD_swift2_3UITests.swift in Sources */,
			);
			runOnlyForDeploymentPostprocessing = 0;
		};
/* End PBXSourcesBuildPhase section */

/* Begin PBXTargetDependency section */
		62F06D1B1DA2B82D00353999 /* PBXTargetDependency */ = {
			isa = PBXTargetDependency;
			target = 62F06D041DA2B82D00353999 /* APOD.swift2.3 */;
			targetProxy = 62F06D1A1DA2B82D00353999 /* PBXContainerItemProxy */;
		};
		62F06D261DA2B82D00353999 /* PBXTargetDependency */ = {
			isa = PBXTargetDependency;
			target = 62F06D041DA2B82D00353999 /* APOD.swift2.3 */;
			targetProxy = 62F06D251DA2B82D00353999 /* PBXContainerItemProxy */;
		};
/* End PBXTargetDependency section */

/* Begin PBXVariantGroup section */
		62F06D0C1DA2B82D00353999 /* Main.storyboard */ = {
			isa = PBXVariantGroup;
			children = (
				62F06D0D1DA2B82D00353999 /* Base */,
			);
			name = Main.storyboard;
			sourceTree = "<group>";
		};
		62F06D111DA2B82D00353999 /* LaunchScreen.storyboard */ = {
			isa = PBXVariantGroup;
			children = (
				62F06D121DA2B82D00353999 /* Base */,
			);
			name = LaunchScreen.storyboard;
			sourceTree = "<group>";
		};
/* End PBXVariantGroup section */

/* Begin XCBuildConfiguration section */
		62F06D2B1DA2B82D00353999 /* Debug */ = {
			isa = XCBuildConfiguration;
			buildSettings = {
				ALWAYS_SEARCH_USER_PATHS = NO;
				CLANG_ANALYZER_NONNULL = YES;
				CLANG_CXX_LANGUAGE_STANDARD = "gnu++0x";
				CLANG_CXX_LIBRARY = "libc++";
				CLANG_ENABLE_MODULES = YES;
				CLANG_ENABLE_OBJC_ARC = YES;
				CLANG_WARN_BOOL_CONVERSION = YES;
				CLANG_WARN_CONSTANT_CONVERSION = YES;
				CLANG_WARN_DIRECT_OBJC_ISA_USAGE = YES_ERROR;
				CLANG_WARN_EMPTY_BODY = YES;
				CLANG_WARN_ENUM_CONVERSION = YES;
				CLANG_WARN_INFINITE_RECURSION = YES;
				CLANG_WARN_INT_CONVERSION = YES;
				CLANG_WARN_OBJC_ROOT_CLASS = YES_ERROR;
				CLANG_WARN_SUSPICIOUS_MOVE = YES;
				CLANG_WARN_UNREACHABLE_CODE = YES;
				CLANG_WARN__DUPLICATE_METHOD_MATCH = YES;
				"CODE_SIGN_IDENTITY[sdk=iphoneos*]" = "iPhone Developer";
				COPY_PHASE_STRIP = NO;
				DEBUG_INFORMATION_FORMAT = dwarf;
				ENABLE_STRICT_OBJC_MSGSEND = YES;
				ENABLE_TESTABILITY = YES;
				GCC_C_LANGUAGE_STANDARD = gnu99;
				GCC_DYNAMIC_NO_PIC = NO;
				GCC_NO_COMMON_BLOCKS = YES;
				GCC_OPTIMIZATION_LEVEL = 0;
				GCC_PREPROCESSOR_DEFINITIONS = (
					"DEBUG=1",
					"$(inherited)",
				);
				GCC_WARN_64_TO_32_BIT_CONVERSION = YES;
				GCC_WARN_ABOUT_RETURN_TYPE = YES_ERROR;
				GCC_WARN_UNDECLARED_SELECTOR = YES;
				GCC_WARN_UNINITIALIZED_AUTOS = YES_AGGRESSIVE;
				GCC_WARN_UNUSED_FUNCTION = YES;
				GCC_WARN_UNUSED_VARIABLE = YES;
				IPHONEOS_DEPLOYMENT_TARGET = 9.0;
				MTL_ENABLE_DEBUG_INFO = YES;
				ONLY_ACTIVE_ARCH = YES;
				SDKROOT = iphoneos;
				SWIFT_OPTIMIZATION_LEVEL = "-Onone";
				SWIFT_VERSION = 2.3;
			};
			name = Debug;
		};
		62F06D2C1DA2B82D00353999 /* Release */ = {
			isa = XCBuildConfiguration;
			buildSettings = {
				ALWAYS_SEARCH_USER_PATHS = NO;
				CLANG_ANALYZER_NONNULL = YES;
				CLANG_CXX_LANGUAGE_STANDARD = "gnu++0x";
				CLANG_CXX_LIBRARY = "libc++";
				CLANG_ENABLE_MODULES = YES;
				CLANG_ENABLE_OBJC_ARC = YES;
				CLANG_WARN_BOOL_CONVERSION = YES;
				CLANG_WARN_CONSTANT_CONVERSION = YES;
				CLANG_WARN_DIRECT_OBJC_ISA_USAGE = YES_ERROR;
				CLANG_WARN_EMPTY_BODY = YES;
				CLANG_WARN_ENUM_CONVERSION = YES;
				CLANG_WARN_INFINITE_RECURSION = YES;
				CLANG_WARN_INT_CONVERSION = YES;
				CLANG_WARN_OBJC_ROOT_CLASS = YES_ERROR;
				CLANG_WARN_SUSPICIOUS_MOVE = YES;
				CLANG_WARN_UNREACHABLE_CODE = YES;
				CLANG_WARN__DUPLICATE_METHOD_MATCH = YES;
				"CODE_SIGN_IDENTITY[sdk=iphoneos*]" = "iPhone Developer";
				COPY_PHASE_STRIP = NO;
				DEBUG_INFORMATION_FORMAT = "dwarf-with-dsym";
				ENABLE_NS_ASSERTIONS = NO;
				ENABLE_STRICT_OBJC_MSGSEND = YES;
				GCC_C_LANGUAGE_STANDARD = gnu99;
				GCC_NO_COMMON_BLOCKS = YES;
				GCC_WARN_64_TO_32_BIT_CONVERSION = YES;
				GCC_WARN_ABOUT_RETURN_TYPE = YES_ERROR;
				GCC_WARN_UNDECLARED_SELECTOR = YES;
				GCC_WARN_UNINITIALIZED_AUTOS = YES_AGGRESSIVE;
				GCC_WARN_UNUSED_FUNCTION = YES;
				GCC_WARN_UNUSED_VARIABLE = YES;
				IPHONEOS_DEPLOYMENT_TARGET = 9.0;
				MTL_ENABLE_DEBUG_INFO = NO;
				SDKROOT = iphoneos;
				SWIFT_VERSION = 2.3;
				VALIDATE_PRODUCT = YES;
			};
			name = Release;
		};
		62F06D2E1DA2B82D00353999 /* Debug */ = {
			isa = XCBuildConfiguration;
			buildSettings = {
				ASSETCATALOG_COMPILER_APPICON_NAME = AppIcon;
				DEVELOPMENT_TEAM = 57675254DH;
				INFOPLIST_FILE = APOD.swift2.3/Info.plist;
				LD_RUNPATH_SEARCH_PATHS = "$(inherited) @executable_path/Frameworks";
				PRODUCT_BUNDLE_IDENTIFIER = com.apod.art;
				PRODUCT_NAME = "$(TARGET_NAME)";
				TARGETED_DEVICE_FAMILY = 1;
			};
			name = Debug;
		};
		62F06D2F1DA2B82D00353999 /* Release */ = {
			isa = XCBuildConfiguration;
			buildSettings = {
				ASSETCATALOG_COMPILER_APPICON_NAME = AppIcon;
				DEVELOPMENT_TEAM = 57675254DH;
				INFOPLIST_FILE = APOD.swift2.3/Info.plist;
				LD_RUNPATH_SEARCH_PATHS = "$(inherited) @executable_path/Frameworks";
				PRODUCT_BUNDLE_IDENTIFIER = com.apod.art;
				PRODUCT_NAME = "$(TARGET_NAME)";
				TARGETED_DEVICE_FAMILY = 1;
			};
			name = Release;
		};
		62F06D311DA2B82D00353999 /* Debug */ = {
			isa = XCBuildConfiguration;
			buildSettings = {
				BUNDLE_LOADER = "$(TEST_HOST)";
				INFOPLIST_FILE = APOD.swift2.3Tests/Info.plist;
				LD_RUNPATH_SEARCH_PATHS = "$(inherited) @executable_path/Frameworks @loader_path/Frameworks";
				PRODUCT_BUNDLE_IDENTIFIER = "waterBB.optional.APOD-swift2-3Tests";
				PRODUCT_NAME = "$(TARGET_NAME)";
				TEST_HOST = "$(BUILT_PRODUCTS_DIR)/APOD.swift2.3.app/APOD.swift2.3";
			};
			name = Debug;
		};
		62F06D321DA2B82D00353999 /* Release */ = {
			isa = XCBuildConfiguration;
			buildSettings = {
				BUNDLE_LOADER = "$(TEST_HOST)";
				INFOPLIST_FILE = APOD.swift2.3Tests/Info.plist;
				LD_RUNPATH_SEARCH_PATHS = "$(inherited) @executable_path/Frameworks @loader_path/Frameworks";
				PRODUCT_BUNDLE_IDENTIFIER = "waterBB.optional.APOD-swift2-3Tests";
				PRODUCT_NAME = "$(TARGET_NAME)";
				TEST_HOST = "$(BUILT_PRODUCTS_DIR)/APOD.swift2.3.app/APOD.swift2.3";
			};
			name = Release;
		};
		62F06D341DA2B82D00353999 /* Debug */ = {
			isa = XCBuildConfiguration;
			buildSettings = {
				INFOPLIST_FILE = APOD.swift2.3UITests/Info.plist;
				LD_RUNPATH_SEARCH_PATHS = "$(inherited) @executable_path/Frameworks @loader_path/Frameworks";
				PRODUCT_BUNDLE_IDENTIFIER = "waterBB.optional.APOD-swift2-3UITests";
				PRODUCT_NAME = "$(TARGET_NAME)";
				TEST_TARGET_NAME = APOD.swift2.3;
			};
			name = Debug;
		};
		62F06D351DA2B82D00353999 /* Release */ = {
			isa = XCBuildConfiguration;
			buildSettings = {
				INFOPLIST_FILE = APOD.swift2.3UITests/Info.plist;
				LD_RUNPATH_SEARCH_PATHS = "$(inherited) @executable_path/Frameworks @loader_path/Frameworks";
				PRODUCT_BUNDLE_IDENTIFIER = "waterBB.optional.APOD-swift2-3UITests";
				PRODUCT_NAME = "$(TARGET_NAME)";
				TEST_TARGET_NAME = APOD.swift2.3;
			};
			name = Release;
		};
/* End XCBuildConfiguration section */

/* Begin XCConfigurationList section */
		62F06D001DA2B82D00353999 /* Build configuration list for PBXProject "APOD.swift2.3" */ = {
			isa = XCConfigurationList;
			buildConfigurations = (
				62F06D2B1DA2B82D00353999 /* Debug */,
				62F06D2C1DA2B82D00353999 /* Release */,
			);
			defaultConfigurationIsVisible = 0;
			defaultConfigurationName = Release;
		};
		62F06D2D1DA2B82D00353999 /* Build configuration list for PBXNativeTarget "APOD.swift2.3" */ = {
			isa = XCConfigurationList;
			buildConfigurations = (
				62F06D2E1DA2B82D00353999 /* Debug */,
				62F06D2F1DA2B82D00353999 /* Release */,
			);
			defaultConfigurationIsVisible = 0;
			defaultConfigurationName = Release;
		};
		62F06D301DA2B82D00353999 /* Build configuration list for PBXNativeTarget "APOD.swift2.3Tests" */ = {
			isa = XCConfigurationList;
			buildConfigurations = (
				62F06D311DA2B82D00353999 /* Debug */,
				62F06D321DA2B82D00353999 /* Release */,
			);
			defaultConfigurationIsVisible = 0;
			defaultConfigurationName = Release;
		};
		62F06D331DA2B82D00353999 /* Build configuration list for PBXNativeTarget "APOD.swift2.3UITests" */ = {
			isa = XCConfigurationList;
			buildConfigurations = (
				62F06D341DA2B82D00353999 /* Debug */,
				62F06D351DA2B82D00353999 /* Release */,
			);
			defaultConfigurationIsVisible = 0;
			defaultConfigurationName = Release;
		};
/* End XCConfigurationList section */
	};
	rootObject = 62F06CFD1DA2B82D00353999 /* Project object */;
}
